
Microsoft Visual Studio Solution File, Format Version 12.00
# Visual Studio Version 16
VisualStudioVersion = 16.0.30114.105
MinimumVisualStudioVersion = 10.0.40219.1
Project("{FAE04EC0-301F-11D3-BF4B-00C04F79EFBC}") = "Investments.API", "Investments.API\Investments.API.csproj", "{61A6241E-B491-471B-A573-F51ABE3889FA}"
EndProject
Project("{FAE04EC0-301F-11D3-BF4B-00C04F79EFBC}") = "Investments.Application", "Investments.Application\Investments.Application.csproj", "{C9671042-06F2-41E9-961F-411D6CB76818}"
EndProject
Project("{FAE04EC0-301F-11D3-BF4B-00C04F79EFBC}") = "Investments.Domain", "Investments.Domain\Investments.Domain.csproj", "{DE466EA3-A91C-4B31-943D-BAD40773EFEB}"
EndProject
Project("{FAE04EC0-301F-11D3-BF4B-00C04F79EFBC}") = "Investments.Persistence", "Investments.Persistence\Investments.Persistence.csproj", "{AC532FF3-8D38-40EA-9CD7-4B68EF696895}"
EndProject
Project("{FAE04EC0-301F-11D3-BF4B-00C04F79EFBC}") = "Investments.VariablesManager", "Investments.VariablesManager\Investments.VariablesManager.csproj", "{80109694-E2BF-496B-95A1-BF99FF3170F7}"
EndProject
Project("{FAE04EC0-301F-11D3-BF4B-00C04F79EFBC}") = "Investments.Tests", "..\InvestmentsTests\Investments.Tests.csproj", "{3B044A99-AFA0-4FEE-916B-4F157D5A9E13}"
EndProject
Global
	GlobalSection(SolutionConfigurationPlatforms) = preSolution
		Debug|Any CPU = Debug|Any CPU
		Debug|x64 = Debug|x64
		Debug|x86 = Debug|x86
		Release|Any CPU = Release|Any CPU
		Release|x64 = Release|x64
		Release|x86 = Release|x86
	EndGlobalSection
	GlobalSection(SolutionProperties) = preSolution
		HideSolutionNode = FALSE
	EndGlobalSection
	GlobalSection(ProjectConfigurationPlatforms) = postSolution
		{61A6241E-B491-471B-A573-F51ABE3889FA}.Debug|Any CPU.ActiveCfg = Debug|Any CPU
		{61A6241E-B491-471B-A573-F51ABE3889FA}.Debug|Any CPU.Build.0 = Debug|Any CPU
		{61A6241E-B491-471B-A573-F51ABE3889FA}.Debug|x64.ActiveCfg = Debug|Any CPU
		{61A6241E-B491-471B-A573-F51ABE3889FA}.Debug|x64.Build.0 = Debug|Any CPU
		{61A6241E-B491-471B-A573-F51ABE3889FA}.Debug|x86.ActiveCfg = Debug|Any CPU
		{61A6241E-B491-471B-A573-F51ABE3889FA}.Debug|x86.Build.0 = Debug|Any CPU
		{61A6241E-B491-471B-A573-F51ABE3889FA}.Release|Any CPU.ActiveCfg = Release|Any CPU
		{61A6241E-B491-471B-A573-F51ABE3889FA}.Release|Any CPU.Build.0 = Release|Any CPU
		{61A6241E-B491-471B-A573-F51ABE3889FA}.Release|x64.ActiveCfg = Release|Any CPU
		{61A6241E-B491-471B-A573-F51ABE3889FA}.Release|x64.Build.0 = Release|Any CPU
		{61A6241E-B491-471B-A573-F51ABE3889FA}.Release|x86.ActiveCfg = Release|Any CPU
		{61A6241E-B491-471B-A573-F51ABE3889FA}.Release|x86.Build.0 = Release|Any CPU
		{C9671042-06F2-41E9-961F-411D6CB76818}.Debug|Any CPU.ActiveCfg = Debug|Any CPU
		{C9671042-06F2-41E9-961F-411D6CB76818}.Debug|Any CPU.Build.0 = Debug|Any CPU
		{C9671042-06F2-41E9-961F-411D6CB76818}.Debug|x64.ActiveCfg = Debug|Any CPU
		{C9671042-06F2-41E9-961F-411D6CB76818}.Debug|x64.Build.0 = Debug|Any CPU
		{C9671042-06F2-41E9-961F-411D6CB76818}.Debug|x86.ActiveCfg = Debug|Any CPU
		{C9671042-06F2-41E9-961F-411D6CB76818}.Debug|x86.Build.0 = Debug|Any CPU
		{C9671042-06F2-41E9-961F-411D6CB76818}.Release|Any CPU.ActiveCfg = Release|Any CPU
		{C9671042-06F2-41E9-961F-411D6CB76818}.Release|Any CPU.Build.0 = Release|Any CPU
		{C9671042-06F2-41E9-961F-411D6CB76818}.Release|x64.ActiveCfg = Release|Any CPU
		{C9671042-06F2-41E9-961F-411D6CB76818}.Release|x64.Build.0 = Release|Any CPU
		{C9671042-06F2-41E9-961F-411D6CB76818}.Release|x86.ActiveCfg = Release|Any CPU
		{C9671042-06F2-41E9-961F-411D6CB76818}.Release|x86.Build.0 = Release|Any CPU
		{DE466EA3-A91C-4B31-943D-BAD40773EFEB}.Debug|Any CPU.ActiveCfg = Debug|Any CPU
		{DE466EA3-A91C-4B31-943D-BAD40773EFEB}.Debug|Any CPU.Build.0 = Debug|Any CPU
		{DE466EA3-A91C-4B31-943D-BAD40773EFEB}.Debug|x64.ActiveCfg = Debug|Any CPU
		{DE466EA3-A91C-4B31-943D-BAD40773EFEB}.Debug|x64.Build.0 = Debug|Any CPU
		{DE466EA3-A91C-4B31-943D-BAD40773EFEB}.Debug|x86.ActiveCfg = Debug|Any CPU
		{DE466EA3-A91C-4B31-943D-BAD40773EFEB}.Debug|x86.Build.0 = Debug|Any CPU
		{DE466EA3-A91C-4B31-943D-BAD40773EFEB}.Release|Any CPU.ActiveCfg = Release|Any CPU
		{DE466EA3-A91C-4B31-943D-BAD40773EFEB}.Release|Any CPU.Build.0 = Release|Any CPU
		{DE466EA3-A91C-4B31-943D-BAD40773EFEB}.Release|x64.ActiveCfg = Release|Any CPU
		{DE466EA3-A91C-4B31-943D-BAD40773EFEB}.Release|x64.Build.0 = Release|Any CPU
		{DE466EA3-A91C-4B31-943D-BAD40773EFEB}.Release|x86.ActiveCfg = Release|Any CPU
		{DE466EA3-A91C-4B31-943D-BAD40773EFEB}.Release|x86.Build.0 = Release|Any CPU
		{AC532FF3-8D38-40EA-9CD7-4B68EF696895}.Debug|Any CPU.ActiveCfg = Debug|Any CPU
		{AC532FF3-8D38-40EA-9CD7-4B68EF696895}.Debug|Any CPU.Build.0 = Debug|Any CPU
		{AC532FF3-8D38-40EA-9CD7-4B68EF696895}.Debug|x64.ActiveCfg = Debug|Any CPU
		{AC532FF3-8D38-40EA-9CD7-4B68EF696895}.Debug|x64.Build.0 = Debug|Any CPU
		{AC532FF3-8D38-40EA-9CD7-4B68EF696895}.Debug|x86.ActiveCfg = Debug|Any CPU
		{AC532FF3-8D38-40EA-9CD7-4B68EF696895}.Debug|x86.Build.0 = Debug|Any CPU
		{AC532FF3-8D38-40EA-9CD7-4B68EF696895}.Release|Any CPU.ActiveCfg = Release|Any CPU
		{AC532FF3-8D38-40EA-9CD7-4B68EF696895}.Release|Any CPU.Build.0 = Release|Any CPU
		{AC532FF3-8D38-40EA-9CD7-4B68EF696895}.Release|x64.ActiveCfg = Release|Any CPU
		{AC532FF3-8D38-40EA-9CD7-4B68EF696895}.Release|x64.Build.0 = Release|Any CPU
		{AC532FF3-8D38-40EA-9CD7-4B68EF696895}.Release|x86.ActiveCfg = Release|Any CPU
		{AC532FF3-8D38-40EA-9CD7-4B68EF696895}.Release|x86.Build.0 = Release|Any CPU
		{80109694-E2BF-496B-95A1-BF99FF3170F7}.Debug|Any CPU.ActiveCfg = Debug|Any CPU
		{80109694-E2BF-496B-95A1-BF99FF3170F7}.Debug|Any CPU.Build.0 = Debug|Any CPU
		{80109694-E2BF-496B-95A1-BF99FF3170F7}.Debug|x64.ActiveCfg = Debug|Any CPU
		{80109694-E2BF-496B-95A1-BF99FF3170F7}.Debug|x64.Build.0 = Debug|Any CPU
		{80109694-E2BF-496B-95A1-BF99FF3170F7}.Debug|x86.ActiveCfg = Debug|Any CPU
		{80109694-E2BF-496B-95A1-BF99FF3170F7}.Debug|x86.Build.0 = Debug|Any CPU
		{80109694-E2BF-496B-95A1-BF99FF3170F7}.Release|Any CPU.ActiveCfg = Release|Any CPU
		{80109694-E2BF-496B-95A1-BF99FF3170F7}.Release|Any CPU.Build.0 = Release|Any CPU
		{80109694-E2BF-496B-95A1-BF99FF3170F7}.Release|x64.ActiveCfg = Release|Any CPU
		{80109694-E2BF-496B-95A1-BF99FF3170F7}.Release|x64.Build.0 = Release|Any CPU
		{80109694-E2BF-496B-95A1-BF99FF3170F7}.Release|x86.ActiveCfg = Release|Any CPU
		{80109694-E2BF-496B-95A1-BF99FF3170F7}.Release|x86.Build.0 = Release|Any CPU
		{3B044A99-AFA0-4FEE-916B-4F157D5A9E13}.Debug|Any CPU.ActiveCfg = Debug|Any CPU
		{3B044A99-AFA0-4FEE-916B-4F157D5A9E13}.Debug|Any CPU.Build.0 = Debug|Any CPU
		{3B044A99-AFA0-4FEE-916B-4F157D5A9E13}.Debug|x64.ActiveCfg = Debug|Any CPU
		{3B044A99-AFA0-4FEE-916B-4F157D5A9E13}.Debug|x64.Build.0 = Debug|Any CPU
		{3B044A99-AFA0-4FEE-916B-4F157D5A9E13}.Debug|x86.ActiveCfg = Debug|Any CPU
		{3B044A99-AFA0-4FEE-916B-4F157D5A9E13}.Debug|x86.Build.0 = Debug|Any CPU
		{3B044A99-AFA0-4FEE-916B-4F157D5A9E13}.Release|Any CPU.ActiveCfg = Release|Any CPU
		{3B044A99-AFA0-4FEE-916B-4F157D5A9E13}.Release|Any CPU.Build.0 = Release|Any CPU
		{3B044A99-AFA0-4FEE-916B-4F157D5A9E13}.Release|x64.ActiveCfg = Release|Any CPU
		{3B044A99-AFA0-4FEE-916B-4F157D5A9E13}.Release|x64.Build.0 = Release|Any CPU
		{3B044A99-AFA0-4FEE-916B-4F157D5A9E13}.Release|x86.ActiveCfg = Release|Any CPU
		{3B044A99-AFA0-4FEE-916B-4F157D5A9E13}.Release|x86.Build.0 = Release|Any CPU
	EndGlobalSection
EndGlobal
